Microsoft Visual Studio Solution File, Format Version 12.00
# Visual Studio Version 17
VisualStudioVersion = 17.6.33829.357
MinimumVisualStudioVersion = 10.0.40219.1
Project("{9A19103F-16F7-4668-BE54-9A1E7A4F7556}") = "NBitcoin", "NBitcoin\NBitcoin.csproj", "{7B692A4C-412A-41BA-A1F8-5DF8F7450ABC}"
EndProject
Project("{9A19103F-16F7-4668-BE54-9A1E7A4F7556}") = "NBitcoin.Tests", "NBitcoin.Tests\NBitcoin.Tests.csproj", "{9F7C1BCF-0BCE-41D3-9DF3-D4939A98636D}"
EndProject
Project("{9A19103F-16F7-4668-BE54-9A1E7A4F7556}") = "NBitcoin.Altcoins", "NBitcoin.Altcoins\NBitcoin.Altcoins.csproj", "{3588C2BF-783C-4DBF-ADBC-16C78B8B109A}"
EndProject
Project("{9A19103F-16F7-4668-BE54-9A1E7A4F7556}") = "NBitcoin.TestFramework", "NBitcoin.TestFramework\NBitcoin.TestFramework.csproj", "{653C0F21-25FE-4B72-95AC-20D070A45415}"
EndProject
Project("{9A19103F-16F7-4668-BE54-9A1E7A4F7556}") = "NBitcoin.Bench", "NBitcoin.Bench\NBitcoin.Bench.csproj", "{153FEA8A-FA98-4ADD-8570-5FD88631C489}"
EndProject
Project("{9A19103F-16F7-4668-BE54-9A1E7A4F7556}") = "NBitcoin.Secp256k1", "NBitcoin.Secp256k1\NBitcoin.Secp256k1.csproj", "{6E105AA4-767F-4045-B858-A7C400DCBC40}"
EndProject
Project("{9A19103F-16F7-4668-BE54-9A1E7A4F7556}") = "TestSchnnor", "TestSchnnor\TestSchnnor.csproj", "{DC98BF3D-BD74-452C-879A-B7B6203930FF}"
EndProject
Project("{9A19103F-16F7-4668-BE54-9A1E7A4F7556}") = "testTaproot", "testTaproot\testTaproot.csproj", "{73457DCB-037E-4FF9-9EF9-4280A6CF0DA8}"
EndProject
Project("{9A19103F-16F7-4668-BE54-9A1E7A4F7556}") = "angeloTest", "angeloTest\angeloTest.csproj", "{306E186E-F8BD-48A4-A939-2E08B85E755A}"
EndProject
Project("{9A19103F-16F7-4668-BE54-9A1E7A4F7556}") = "testAliceSendBob", "testAliceSendBob\testAliceSendBob.csproj", "{E4D58765-D0B7-41D1-906D-73663E12E6AA}"
EndProject
Project("{9A19103F-16F7-4668-BE54-9A1E7A4F7556}") = "testNodeBehaviors", "testNodeBehaviors\testNodeBehaviors.csproj", "{D5A1E86F-426F-4274-A747-7C2CEFE099DB}"
EndProject
Project("{9A19103F-16F7-4668-BE54-9A1E7A4F7556}") = "testP2P", "testP2P\testP2P.csproj", "{A591292E-5C4A-4C2D-8E1A-3EE167B31EF4}"
EndProject
Project("{9A19103F-16F7-4668-BE54-9A1E7A4F7556}") = "testRPC", "testRPC\testRPC.csproj", "{D19E1A93-2790-4F45-8A9F-17F42ECC08E9}"
EndProject
Project("{9A19103F-16F7-4668-BE54-9A1E7A4F7556}") = "testTaproot-2", "testTaproot-2\testTaproot-2.csproj", "{A4C3F864-47AC-4836-AA15-A35C2E990953}"
EndProject
Project("{9A19103F-16F7-4668-BE54-9A1E7A4F7556}") = "TestingNostr", "TestingNostr\TestingNostr.csproj", "{F6FCAE96-4A6C-4541-AC23-966C974D7667}"
EndProject
Project("{9A19103F-16F7-4668-BE54-9A1E7A4F7556}") = "TestMusig2", "TestMusig2\TestMusig2.csproj", "{B81768D7-EE46-43F3-B7C9-1E0397A1D74B}"
EndProject
Project("{9A19103F-16F7-4668-BE54-9A1E7A4F7556}") = "TestMusig3", "TestMusig3\TestMusig3.csproj", "{307F5EDB-E4D3-4882-BD87-AB0CED65AE8C}"
EndProject
Project("{9A19103F-16F7-4668-BE54-9A1E7A4F7556}") = "MuSig4", "MuSig4\MuSig4.csproj", "{817380AA-9D05-4728-8BD6-E5626D445C45}"
EndProject
Project("{9A19103F-16F7-4668-BE54-9A1E7A4F7556}") = "TestingElectrum", "TestingElectrum\TestingElectrum.csproj", "{D8EE736D-E0EA-426C-BA77-ED1CEE136DCA}"
EndProject
Project("{9A19103F-16F7-4668-BE54-9A1E7A4F7556}") = "TestAdaptor", "TestAdaptor\TestAdaptor.csproj", "{ACC27C12-E258-4059-AE63-6CD95C91C339}"
EndProject
Project("{9A19103F-16F7-4668-BE54-9A1E7A4F7556}") = "TestingNonces", "TestingNonces\TestingNonces.csproj", "{4B089FC6-70ED-4F26-869E-BDF60EAB1413}"
EndProject
Project("{9A19103F-16F7-4668-BE54-9A1E7A4F7556}") = "TestingMuSigVerification", "TestingMuSigVerification\TestingMuSigVerification.csproj", "{F13CB19C-9484-41C9-B1BF-33183B793821}"
EndProject
Project("{9A19103F-16F7-4668-BE54-9A1E7A4F7556}") = "TestingMuSigCreateSignatures", "TestingMuSigCreateSignatures\TestingMuSigCreateSignatures.csproj", "{FEFC8AA9-558A-4163-BF3D-7F6F6785F725}"
EndProject
Project("{9A19103F-16F7-4668-BE54-9A1E7A4F7556}") = "TestMusig2-2of2", "TestMusig2-2of2\TestMusig2-2of2.csproj", "{BE03CDF0-55CB-4C58-9FCF-18DCCAE97360}"
EndProject
Project("{9A19103F-16F7-4668-BE54-9A1E7A4F7556}") = "TestMusig1withTaprootSpendPath", "TestMusig1withTaprootSpendPath\TestMusig1withTaprootSpendPath.csproj", "{96318D88-56C4-4521-820D-1BC0E284C197}"
EndProject
Project("{9A19103F-16F7-4668-BE54-9A1E7A4F7556}") = "TestingCombinationOfStrings", "TestingCombinationOfStrings\TestingCombinationOfStrings.csproj", "{7447ABF4-03BA-4FD9-B3C7-6FE82F6FAF3D}"
EndProject
Project("{FAE04EC0-301F-11D3-BF4B-00C04F79EFBC}") = "DelegationMultiSig", "DelegationMultiSig\DelegationMultiSig.csproj", "{5EE1EF7D-9A0E-4796-9D21-19C9A2605C01}"
EndProject
Project("{FAE04EC0-301F-11D3-BF4B-00C04F79EFBC}") = "EncryptFiles", "EncryptFiles\EncryptFiles.csproj", "{04734499-A836-4337-A80C-0973D4D4076B}"
EndProject
Project("{FAE04EC0-301F-11D3-BF4B-00C04F79EFBC}") = "Argon2-Encryption", "Argon2-Encryption\Argon2-Encryption.csproj", "{A1938A57-7381-454C-A902-7824A0DC2FB5}"
EndProject
Project("{FAE04EC0-301F-11D3-BF4B-00C04F79EFBC}") = "Argon2-Encryption2", "Argon2-Encryption2\Argon2-Encryption2.csproj", "{01531D15-B624-4358-A75C-233559B459CE}"
EndProject
Project("{FAE04EC0-301F-11D3-BF4B-00C04F79EFBC}") = "EncryptFilesAES-GCM", "EncryptFilesAES-GCM\EncryptFilesAES-GCM.csproj", "{5A40F65D-D91D-4F57-99C2-6115451A6E7F}"
EndProject
Project("{FAE04EC0-301F-11D3-BF4B-00C04F79EFBC}") = "EncryptStringAES-GCM", "EncryptStringAES-GCM\EncryptStringAES-GCM.csproj", "{6019B277-61C6-4EB4-BCB5-ED201FFAF444}"
EndProject
Global
	GlobalSection(SolutionConfigurationPlatforms) = preSolution
		Debug|Any CPU = Debug|Any CPU
		Release|Any CPU = Release|Any CPU
	EndGlobalSection
	GlobalSection(ProjectConfigurationPlatforms) = postSolution
		{7B692A4C-412A-41BA-A1F8-5DF8F7450ABC}.Debug|Any CPU.ActiveCfg = Debug|Any CPU
		{7B692A4C-412A-41BA-A1F8-5DF8F7450ABC}.Debug|Any CPU.Build.0 = Debug|Any CPU
		{7B692A4C-412A-41BA-A1F8-5DF8F7450ABC}.Release|Any CPU.ActiveCfg = Release|Any CPU
		{7B692A4C-412A-41BA-A1F8-5DF8F7450ABC}.Release|Any CPU.Build.0 = Release|Any CPU
		{9F7C1BCF-0BCE-41D3-9DF3-D4939A98636D}.Debug|Any CPU.ActiveCfg = Debug|Any CPU
		{9F7C1BCF-0BCE-41D3-9DF3-D4939A98636D}.Debug|Any CPU.Build.0 = Debug|Any CPU
		{9F7C1BCF-0BCE-41D3-9DF3-D4939A98636D}.Release|Any CPU.ActiveCfg = Release|Any CPU
		{9F7C1BCF-0BCE-41D3-9DF3-D4939A98636D}.Release|Any CPU.Build.0 = Release|Any CPU
		{3588C2BF-783C-4DBF-ADBC-16C78B8B109A}.Debug|Any CPU.ActiveCfg = Debug|Any CPU
		{3588C2BF-783C-4DBF-ADBC-16C78B8B109A}.Debug|Any CPU.Build.0 = Debug|Any CPU
		{3588C2BF-783C-4DBF-ADBC-16C78B8B109A}.Release|Any CPU.ActiveCfg = Release|Any CPU
		{3588C2BF-783C-4DBF-ADBC-16C78B8B109A}.Release|Any CPU.Build.0 = Release|Any CPU
		{653C0F21-25FE-4B72-95AC-20D070A45415}.Debug|Any CPU.ActiveCfg = Debug|Any CPU
		{653C0F21-25FE-4B72-95AC-20D070A45415}.Debug|Any CPU.Build.0 = Debug|Any CPU
		{653C0F21-25FE-4B72-95AC-20D070A45415}.Release|Any CPU.ActiveCfg = Release|Any CPU
		{653C0F21-25FE-4B72-95AC-20D070A45415}.Release|Any CPU.Build.0 = Release|Any CPU
		{153FEA8A-FA98-4ADD-8570-5FD88631C489}.Debug|Any CPU.ActiveCfg = Debug|Any CPU
		{153FEA8A-FA98-4ADD-8570-5FD88631C489}.Debug|Any CPU.Build.0 = Debug|Any CPU
		{153FEA8A-FA98-4ADD-8570-5FD88631C489}.Release|Any CPU.ActiveCfg = Release|Any CPU
		{153FEA8A-FA98-4ADD-8570-5FD88631C489}.Release|Any CPU.Build.0 = Release|Any CPU
		{6E105AA4-767F-4045-B858-A7C400DCBC40}.Debug|Any CPU.ActiveCfg = Debug|Any CPU
		{6E105AA4-767F-4045-B858-A7C400DCBC40}.Debug|Any CPU.Build.0 = Debug|Any CPU
		{6E105AA4-767F-4045-B858-A7C400DCBC40}.Release|Any CPU.ActiveCfg = Release|Any CPU
		{6E105AA4-767F-4045-B858-A7C400DCBC40}.Release|Any CPU.Build.0 = Release|Any CPU
		{DC98BF3D-BD74-452C-879A-B7B6203930FF}.Debug|Any CPU.ActiveCfg = Debug|Any CPU
		{DC98BF3D-BD74-452C-879A-B7B6203930FF}.Debug|Any CPU.Build.0 = Debug|Any CPU
		{DC98BF3D-BD74-452C-879A-B7B6203930FF}.Release|Any CPU.ActiveCfg = Release|Any CPU
		{DC98BF3D-BD74-452C-879A-B7B6203930FF}.Release|Any CPU.Build.0 = Release|Any CPU
		{73457DCB-037E-4FF9-9EF9-4280A6CF0DA8}.Debug|Any CPU.ActiveCfg = Debug|Any CPU
		{73457DCB-037E-4FF9-9EF9-4280A6CF0DA8}.Debug|Any CPU.Build.0 = Debug|Any CPU
		{73457DCB-037E-4FF9-9EF9-4280A6CF0DA8}.Release|Any CPU.ActiveCfg = Release|Any CPU
		{73457DCB-037E-4FF9-9EF9-4280A6CF0DA8}.Release|Any CPU.Build.0 = Release|Any CPU
		{306E186E-F8BD-48A4-A939-2E08B85E755A}.Debug|Any CPU.ActiveCfg = Debug|Any CPU
		{306E186E-F8BD-48A4-A939-2E08B85E755A}.Debug|Any CPU.Build.0 = Debug|Any CPU
		{306E186E-F8BD-48A4-A939-2E08B85E755A}.Release|Any CPU.ActiveCfg = Release|Any CPU
		{306E186E-F8BD-48A4-A939-2E08B85E755A}.Release|Any CPU.Build.0 = Release|Any CPU
		{E4D58765-D0B7-41D1-906D-73663E12E6AA}.Debug|Any CPU.ActiveCfg = Debug|Any CPU
		{E4D58765-D0B7-41D1-906D-73663E12E6AA}.Debug|Any CPU.Build.0 = Debug|Any CPU
		{E4D58765-D0B7-41D1-906D-73663E12E6AA}.Release|Any CPU.ActiveCfg = Release|Any CPU
		{E4D58765-D0B7-41D1-906D-73663E12E6AA}.Release|Any CPU.Build.0 = Release|Any CPU
		{D5A1E86F-426F-4274-A747-7C2CEFE099DB}.Debug|Any CPU.ActiveCfg = Debug|Any CPU
		{D5A1E86F-426F-4274-A747-7C2CEFE099DB}.Debug|Any CPU.Build.0 = Debug|Any CPU
		{D5A1E86F-426F-4274-A747-7C2CEFE099DB}.Release|Any CPU.ActiveCfg = Release|Any CPU
		{D5A1E86F-426F-4274-A747-7C2CEFE099DB}.Release|Any CPU.Build.0 = Release|Any CPU
		{A591292E-5C4A-4C2D-8E1A-3EE167B31EF4}.Debug|Any CPU.ActiveCfg = Debug|Any CPU
		{A591292E-5C4A-4C2D-8E1A-3EE167B31EF4}.Debug|Any CPU.Build.0 = Debug|Any CPU
		{A591292E-5C4A-4C2D-8E1A-3EE167B31EF4}.Release|Any CPU.ActiveCfg = Release|Any CPU
		{A591292E-5C4A-4C2D-8E1A-3EE167B31EF4}.Release|Any CPU.Build.0 = Release|Any CPU
		{D19E1A93-2790-4F45-8A9F-17F42ECC08E9}.Debug|Any CPU.ActiveCfg = Debug|Any CPU
		{D19E1A93-2790-4F45-8A9F-17F42ECC08E9}.Debug|Any CPU.Build.0 = Debug|Any CPU
		{D19E1A93-2790-4F45-8A9F-17F42ECC08E9}.Release|Any CPU.ActiveCfg = Release|Any CPU
		{D19E1A93-2790-4F45-8A9F-17F42ECC08E9}.Release|Any CPU.Build.0 = Release|Any CPU
		{A4C3F864-47AC-4836-AA15-A35C2E990953}.Debug|Any CPU.ActiveCfg = Debug|Any CPU
		{A4C3F864-47AC-4836-AA15-A35C2E990953}.Debug|Any CPU.Build.0 = Debug|Any CPU
		{A4C3F864-47AC-4836-AA15-A35C2E990953}.Release|Any CPU.ActiveCfg = Release|Any CPU
		{A4C3F864-47AC-4836-AA15-A35C2E990953}.Release|Any CPU.Build.0 = Release|Any CPU
		{F6FCAE96-4A6C-4541-AC23-966C974D7667}.Debug|Any CPU.ActiveCfg = Debug|Any CPU
		{F6FCAE96-4A6C-4541-AC23-966C974D7667}.Debug|Any CPU.Build.0 = Debug|Any CPU
		{F6FCAE96-4A6C-4541-AC23-966C974D7667}.Release|Any CPU.ActiveCfg = Release|Any CPU
		{F6FCAE96-4A6C-4541-AC23-966C974D7667}.Release|Any CPU.Build.0 = Release|Any CPU
		{B81768D7-EE46-43F3-B7C9-1E0397A1D74B}.Debug|Any CPU.ActiveCfg = Debug|Any CPU
		{B81768D7-EE46-43F3-B7C9-1E0397A1D74B}.Debug|Any CPU.Build.0 = Debug|Any CPU
		{B81768D7-EE46-43F3-B7C9-1E0397A1D74B}.Release|Any CPU.ActiveCfg = Release|Any CPU
		{B81768D7-EE46-43F3-B7C9-1E0397A1D74B}.Release|Any CPU.Build.0 = Release|Any CPU
		{307F5EDB-E4D3-4882-BD87-AB0CED65AE8C}.Debug|Any CPU.ActiveCfg = Debug|Any CPU
		{307F5EDB-E4D3-4882-BD87-AB0CED65AE8C}.Debug|Any CPU.Build.0 = Debug|Any CPU
		{307F5EDB-E4D3-4882-BD87-AB0CED65AE8C}.Release|Any CPU.ActiveCfg = Release|Any CPU
		{307F5EDB-E4D3-4882-BD87-AB0CED65AE8C}.Release|Any CPU.Build.0 = Release|Any CPU
		{817380AA-9D05-4728-8BD6-E5626D445C45}.Debug|Any CPU.ActiveCfg = Debug|Any CPU
		{817380AA-9D05-4728-8BD6-E5626D445C45}.Debug|Any CPU.Build.0 = Debug|Any CPU
		{817380AA-9D05-4728-8BD6-E5626D445C45}.Release|Any CPU.ActiveCfg = Release|Any CPU
		{817380AA-9D05-4728-8BD6-E5626D445C45}.Release|Any CPU.Build.0 = Release|Any CPU
		{D8EE736D-E0EA-426C-BA77-ED1CEE136DCA}.Debug|Any CPU.ActiveCfg = Debug|Any CPU
		{D8EE736D-E0EA-426C-BA77-ED1CEE136DCA}.Debug|Any CPU.Build.0 = Debug|Any CPU
		{D8EE736D-E0EA-426C-BA77-ED1CEE136DCA}.Release|Any CPU.ActiveCfg = Release|Any CPU
		{D8EE736D-E0EA-426C-BA77-ED1CEE136DCA}.Release|Any CPU.Build.0 = Release|Any CPU
		{ACC27C12-E258-4059-AE63-6CD95C91C339}.Debug|Any CPU.ActiveCfg = Debug|Any CPU
		{ACC27C12-E258-4059-AE63-6CD95C91C339}.Debug|Any CPU.Build.0 = Debug|Any CPU
		{ACC27C12-E258-4059-AE63-6CD95C91C339}.Release|Any CPU.ActiveCfg = Release|Any CPU
		{ACC27C12-E258-4059-AE63-6CD95C91C339}.Release|Any CPU.Build.0 = Release|Any CPU
		{4B089FC6-70ED-4F26-869E-BDF60EAB1413}.Debug|Any CPU.ActiveCfg = Debug|Any CPU
		{4B089FC6-70ED-4F26-869E-BDF60EAB1413}.Debug|Any CPU.Build.0 = Debug|Any CPU
		{4B089FC6-70ED-4F26-869E-BDF60EAB1413}.Release|Any CPU.ActiveCfg = Release|Any CPU
		{4B089FC6-70ED-4F26-869E-BDF60EAB1413}.Release|Any CPU.Build.0 = Release|Any CPU
		{F13CB19C-9484-41C9-B1BF-33183B793821}.Debug|Any CPU.ActiveCfg = Debug|Any CPU
		{F13CB19C-9484-41C9-B1BF-33183B793821}.Debug|Any CPU.Build.0 = Debug|Any CPU
		{F13CB19C-9484-41C9-B1BF-33183B793821}.Release|Any CPU.ActiveCfg = Release|Any CPU
		{F13CB19C-9484-41C9-B1BF-33183B793821}.Release|Any CPU.Build.0 = Release|Any CPU
		{FEFC8AA9-558A-4163-BF3D-7F6F6785F725}.Debug|Any CPU.ActiveCfg = Debug|Any CPU
		{FEFC8AA9-558A-4163-BF3D-7F6F6785F725}.Debug|Any CPU.Build.0 = Debug|Any CPU
		{FEFC8AA9-558A-4163-BF3D-7F6F6785F725}.Release|Any CPU.ActiveCfg = Release|Any CPU
		{FEFC8AA9-558A-4163-BF3D-7F6F6785F725}.Release|Any CPU.Build.0 = Release|Any CPU
		{BE03CDF0-55CB-4C58-9FCF-18DCCAE97360}.Debug|Any CPU.ActiveCfg = Debug|Any CPU
		{BE03CDF0-55CB-4C58-9FCF-18DCCAE97360}.Debug|Any CPU.Build.0 = Debug|Any CPU
		{BE03CDF0-55CB-4C58-9FCF-18DCCAE97360}.Release|Any CPU.ActiveCfg = Release|Any CPU
		{BE03CDF0-55CB-4C58-9FCF-18DCCAE97360}.Release|Any CPU.Build.0 = Release|Any CPU
		{96318D88-56C4-4521-820D-1BC0E284C197}.Debug|Any CPU.ActiveCfg = Debug|Any CPU
		{96318D88-56C4-4521-820D-1BC0E284C197}.Debug|Any CPU.Build.0 = Debug|Any CPU
		{96318D88-56C4-4521-820D-1BC0E284C197}.Release|Any CPU.ActiveCfg = Release|Any CPU
		{96318D88-56C4-4521-820D-1BC0E284C197}.Release|Any CPU.Build.0 = Release|Any CPU
		{7447ABF4-03BA-4FD9-B3C7-6FE82F6FAF3D}.Debug|Any CPU.ActiveCfg = Debug|Any CPU
		{7447ABF4-03BA-4FD9-B3C7-6FE82F6FAF3D}.Debug|Any CPU.Build.0 = Debug|Any CPU
		{7447ABF4-03BA-4FD9-B3C7-6FE82F6FAF3D}.Release|Any CPU.ActiveCfg = Release|Any CPU
		{7447ABF4-03BA-4FD9-B3C7-6FE82F6FAF3D}.Release|Any CPU.Build.0 = Release|Any CPU
		{5EE1EF7D-9A0E-4796-9D21-19C9A2605C01}.Debug|Any CPU.ActiveCfg = Debug|Any CPU
		{5EE1EF7D-9A0E-4796-9D21-19C9A2605C01}.Debug|Any CPU.Build.0 = Debug|Any CPU
		{5EE1EF7D-9A0E-4796-9D21-19C9A2605C01}.Release|Any CPU.ActiveCfg = Release|Any CPU
		{5EE1EF7D-9A0E-4796-9D21-19C9A2605C01}.Release|Any CPU.Build.0 = Release|Any CPU
		{04734499-A836-4337-A80C-0973D4D4076B}.Debug|Any CPU.ActiveCfg = Debug|Any CPU
		{04734499-A836-4337-A80C-0973D4D4076B}.Debug|Any CPU.Build.0 = Debug|Any CPU
		{04734499-A836-4337-A80C-0973D4D4076B}.Release|Any CPU.ActiveCfg = Release|Any CPU
		{04734499-A836-4337-A80C-0973D4D4076B}.Release|Any CPU.Build.0 = Release|Any CPU
		{A1938A57-7381-454C-A902-7824A0DC2FB5}.Debug|Any CPU.ActiveCfg = Debug|Any CPU
		{A1938A57-7381-454C-A902-7824A0DC2FB5}.Debug|Any CPU.Build.0 = Debug|Any CPU
		{A1938A57-7381-454C-A902-7824A0DC2FB5}.Release|Any CPU.ActiveCfg = Release|Any CPU
		{A1938A57-7381-454C-A902-7824A0DC2FB5}.Release|Any CPU.Build.0 = Release|Any CPU
		{01531D15-B624-4358-A75C-233559B459CE}.Debug|Any CPU.ActiveCfg = Debug|Any CPU
		{01531D15-B624-4358-A75C-233559B459CE}.Debug|Any CPU.Build.0 = Debug|Any CPU
		{01531D15-B624-4358-A75C-233559B459CE}.Release|Any CPU.ActiveCfg = Release|Any CPU
		{01531D15-B624-4358-A75C-233559B459CE}.Release|Any CPU.Build.0 = Release|Any CPU
		{5A40F65D-D91D-4F57-99C2-6115451A6E7F}.Debug|Any CPU.ActiveCfg = Debug|Any CPU
		{5A40F65D-D91D-4F57-99C2-6115451A6E7F}.Debug|Any CPU.Build.0 = Debug|Any CPU
		{5A40F65D-D91D-4F57-99C2-6115451A6E7F}.Release|Any CPU.ActiveCfg = Release|Any CPU
		{5A40F65D-D91D-4F57-99C2-6115451A6E7F}.Release|Any CPU.Build.0 = Release|Any CPU
		{6019B277-61C6-4EB4-BCB5-ED201FFAF444}.Debug|Any CPU.ActiveCfg = Debug|Any CPU
		{6019B277-61C6-4EB4-BCB5-ED201FFAF444}.Debug|Any CPU.Build.0 = Debug|Any CPU
		{6019B277-61C6-4EB4-BCB5-ED201FFAF444}.Release|Any CPU.ActiveCfg = Release|Any CPU
		{6019B277-61C6-4EB4-BCB5-ED201FFAF444}.Release|Any CPU.Build.0 = Release|Any CPU
	EndGlobalSection
	GlobalSection(SolutionProperties) = preSolution
		HideSolutionNode = FALSE
	EndGlobalSection
	GlobalSection(ExtensibilityGlobals) = postSolution
		SolutionGuid = {A1246380-43E4-4710-99A7-F7524458155E}
	EndGlobalSection
EndGlobal
